// !$*UTF8*$!
{
	archiveVersion = 1;
	classes = {
	};
	objectVersion = 54;
	objects = {

/* Begin PBXBuildFile section */
		99217D521E5D02A50042C787 /* RadioPreferences.swift in Sources */ = {isa = PBXBuildFile; fileRef = 99217D511E5D02A50042C787 /* RadioPreferences.swift */; };
		993D1E691E5F811D00BB5236 /* PreferenceManager.swift in Sources */ = {isa = PBXBuildFile; fileRef = 993D1E681E5F811D00BB5236 /* PreferenceManager.swift */; };
		996AC07C1E4E3D4800C20AA8 /* AppDelegate.swift in Sources */ = {isa = PBXBuildFile; fileRef = 996AC07B1E4E3D4800C20AA8 /* AppDelegate.swift */; };
		996AC07E1E4E3D4800C20AA8 /* ViewController.swift in Sources */ = {isa = PBXBuildFile; fileRef = 996AC07D1E4E3D4800C20AA8 /* ViewController.swift */; };
		996AC0801E4E3D4800C20AA8 /* Assets.xcassets in Resources */ = {isa = PBXBuildFile; fileRef = 996AC07F1E4E3D4800C20AA8 /* Assets.xcassets */; };
		996AC0831E4E3D4800C20AA8 /* Main.storyboard in Resources */ = {isa = PBXBuildFile; fileRef = 996AC0811E4E3D4800C20AA8 /* Main.storyboard */; };
		996B9D732206364B0055D0F4 /* FilePreferences.swift in Sources */ = {isa = PBXBuildFile; fileRef = 996B9D722206364B0055D0F4 /* FilePreferences.swift */; };
		996C4736245A2ADA0024CBAB /* xLib6000 in Frameworks */ = {isa = PBXBuildFile; productRef = 996C4735245A2ADA0024CBAB /* xLib6000 */; };
		99931585220243F30017C05A /* WindowController.swift in Sources */ = {isa = PBXBuildFile; fileRef = 99931584220243F30017C05A /* WindowController.swift */; };
		99A9AAE22645C2910061DA84 /* Repeat in Frameworks */ = {isa = PBXBuildFile; productRef = 99A9AAE12645C2910061DA84 /* Repeat */; };
		99C211031F297279003B47F1 /* LICENSE in Resources */ = {isa = PBXBuildFile; fileRef = 99C211021F297279003B47F1 /* LICENSE */; };
		99D64A2F1E5B9BEB0053ED1F /* AudioManager.swift in Sources */ = {isa = PBXBuildFile; fileRef = 99D64A2E1E5B9BEB0053ED1F /* AudioManager.swift */; };
		99EC95A21F1523B100E539E8 /* RadioManager.swift in Sources */ = {isa = PBXBuildFile; fileRef = 99EC95A11F1523B100E539E8 /* RadioManager.swift */; };
/* End PBXBuildFile section */

/* Begin PBXCopyFilesBuildPhase section */
		99CEBF8021F7724400C7ED74 /* Embed Frameworks */ = {
			isa = PBXCopyFilesBuildPhase;
			buildActionMask = 2147483647;
			dstPath = "";
			dstSubfolderSpec = 10;
			files = (
			);
			name = "Embed Frameworks";
			runOnlyForDeploymentPostprocessing = 0;
		};
/* End PBXCopyFilesBuildPhase section */

/* Begin PBXFileReference section */
		99217D511E5D02A50042C787 /* RadioPreferences.swift */ = {isa = PBXFileReference; fileEncoding = 4; lastKnownFileType = sourcecode.swift; path = RadioPreferences.swift; sourceTree = "<group>"; };
		993D1E681E5F811D00BB5236 /* PreferenceManager.swift */ = {isa = PBXFileReference; fileEncoding = 4; lastKnownFileType = sourcecode.swift; path = PreferenceManager.swift; sourceTree = "<group>"; };
		9966F71721FCD878005D8949 /* xVoiceKeyer.entitlements */ = {isa = PBXFileReference; lastKnownFileType = text.plist.entitlements; path = xVoiceKeyer.entitlements; sourceTree = "<group>"; };
		996AC0781E4E3D4800C20AA8 /* xVoiceKeyer.app */ = {isa = PBXFileReference; explicitFileType = wrapper.application; includeInIndex = 0; path = xVoiceKeyer.app; sourceTree = BUILT_PRODUCTS_DIR; };
		996AC07B1E4E3D4800C20AA8 /* AppDelegate.swift */ = {isa = PBXFileReference; lastKnownFileType = sourcecode.swift; path = AppDelegate.swift; sourceTree = "<group>"; };
		996AC07D1E4E3D4800C20AA8 /* ViewController.swift */ = {isa = PBXFileReference; lastKnownFileType = sourcecode.swift; path = ViewController.swift; sourceTree = "<group>"; };
		996AC07F1E4E3D4800C20AA8 /* Assets.xcassets */ = {isa = PBXFileReference; lastKnownFileType = folder.assetcatalog; path = Assets.xcassets; sourceTree = "<group>"; };
		996AC0821E4E3D4800C20AA8 /* Base */ = {isa = PBXFileReference; lastKnownFileType = file.storyboard; name = Base; path = Base.lproj/Main.storyboard; sourceTree = "<group>"; };
		996AC0841E4E3D4800C20AA8 /* Info.plist */ = {isa = PBXFileReference; lastKnownFileType = text.plist.xml; path = Info.plist; sourceTree = "<group>"; };
		996B9D722206364B0055D0F4 /* FilePreferences.swift */ = {isa = PBXFileReference; lastKnownFileType = sourcecode.swift; path = FilePreferences.swift; sourceTree = "<group>"; };
		99931584220243F30017C05A /* WindowController.swift */ = {isa = PBXFileReference; lastKnownFileType = sourcecode.swift; path = WindowController.swift; sourceTree = "<group>"; };
		99C211021F297279003B47F1 /* LICENSE */ = {isa = PBXFileReference; fileEncoding = 4; lastKnownFileType = text; path = LICENSE; sourceTree = "<group>"; };
		99D64A2E1E5B9BEB0053ED1F /* AudioManager.swift */ = {isa = PBXFileReference; fileEncoding = 4; lastKnownFileType = sourcecode.swift; path = AudioManager.swift; sourceTree = "<group>"; };
		99EC95A11F1523B100E539E8 /* RadioManager.swift */ = {isa = PBXFileReference; lastKnownFileType = sourcecode.swift; path = RadioManager.swift; sourceTree = "<group>"; };
/* End PBXFileReference section */

/* Begin PBXFrameworksBuildPhase section */
		996AC0751E4E3D4800C20AA8 /* Frameworks */ = {
			isa = PBXFrameworksBuildPhase;
			buildActionMask = 2147483647;
			files = (
				996C4736245A2ADA0024CBAB /* xLib6000 in Frameworks */,
				99A9AAE22645C2910061DA84 /* Repeat in Frameworks */,
			);
			runOnlyForDeploymentPostprocessing = 0;
		};
/* End PBXFrameworksBuildPhase section */

/* Begin PBXGroup section */
		996AC06F1E4E3D4800C20AA8 = {
			isa = PBXGroup;
			children = (
				996AC07A1E4E3D4800C20AA8 /* xVoiceKeyer */,
				996AC0791E4E3D4800C20AA8 /* Products */,
				99E84E6A1F1144A500C8660C /* Frameworks */,
			);
			sourceTree = "<group>";
		};
		996AC0791E4E3D4800C20AA8 /* Products */ = {
			isa = PBXGroup;
			children = (
				996AC0781E4E3D4800C20AA8 /* xVoiceKeyer.app */,
			);
			name = Products;
			sourceTree = "<group>";
		};
		996AC07A1E4E3D4800C20AA8 /* xVoiceKeyer */ = {
			isa = PBXGroup;
			children = (
				9966F71721FCD878005D8949 /* xVoiceKeyer.entitlements */,
				996AC07B1E4E3D4800C20AA8 /* AppDelegate.swift */,
				996AC07D1E4E3D4800C20AA8 /* ViewController.swift */,
				996AC07F1E4E3D4800C20AA8 /* Assets.xcassets */,
				996B9D71220635F20055D0F4 /* Storyboards */,
				996AC0841E4E3D4800C20AA8 /* Info.plist */,
				99D64A2E1E5B9BEB0053ED1F /* AudioManager.swift */,
				99EC95A11F1523B100E539E8 /* RadioManager.swift */,
				996B9D70220634B60055D0F4 /* Preferences */,
				99C211021F297279003B47F1 /* LICENSE */,
				99931584220243F30017C05A /* WindowController.swift */,
			);
			path = xVoiceKeyer;
			sourceTree = "<group>";
		};
		996B9D70220634B60055D0F4 /* Preferences */ = {
			isa = PBXGroup;
			children = (
				99217D511E5D02A50042C787 /* RadioPreferences.swift */,
				993D1E681E5F811D00BB5236 /* PreferenceManager.swift */,
				996B9D722206364B0055D0F4 /* FilePreferences.swift */,
			);
			path = Preferences;
			sourceTree = "<group>";
		};
		996B9D71220635F20055D0F4 /* Storyboards */ = {
			isa = PBXGroup;
			children = (
				996AC0811E4E3D4800C20AA8 /* Main.storyboard */,
			);
			path = Storyboards;
			sourceTree = "<group>";
		};
		99E84E6A1F1144A500C8660C /* Frameworks */ = {
			isa = PBXGroup;
			children = (
			);
			name = Frameworks;
			sourceTree = "<group>";
		};
/* End PBXGroup section */

/* Begin PBXNativeTarget section */
		996AC0771E4E3D4800C20AA8 /* xVoiceKeyer */ = {
			isa = PBXNativeTarget;
			buildConfigurationList = 996AC0871E4E3D4800C20AA8 /* Build configuration list for PBXNativeTarget "xVoiceKeyer" */;
			buildPhases = (
				996AC0741E4E3D4800C20AA8 /* Sources */,
				996AC0751E4E3D4800C20AA8 /* Frameworks */,
				996AC0761E4E3D4800C20AA8 /* Resources */,
				99CEBF8021F7724400C7ED74 /* Embed Frameworks */,
			);
			buildRules = (
			);
			dependencies = (
			);
			name = xVoiceKeyer;
			packageProductDependencies = (
				996C4735245A2ADA0024CBAB /* xLib6000 */,
				99A9AAE12645C2910061DA84 /* Repeat */,
			);
			productName = SDRVoiceKeyer;
			productReference = 996AC0781E4E3D4800C20AA8 /* xVoiceKeyer.app */;
			productType = "com.apple.product-type.application";
		};
/* End PBXNativeTarget section */

/* Begin PBXProject section */
		996AC0701E4E3D4800C20AA8 /* Project object */ = {
			isa = PBXProject;
			attributes = {
				LastSwiftUpdateCheck = 0820;
				LastUpgradeCheck = 1210;
				ORGANIZATIONNAME = "Peter Bourget";
				TargetAttributes = {
					996AC0771E4E3D4800C20AA8 = {
						CreatedOnToolsVersion = 8.2.1;
						LastSwiftMigration = 1020;
						SystemCapabilities = {
							com.apple.HardenedRuntime = {
								enabled = 1;
							};
							com.apple.Sandbox = {
								enabled = 0;
							};
						};
					};
				};
			};
			buildConfigurationList = 996AC0731E4E3D4800C20AA8 /* Build configuration list for PBXProject "xVoiceKeyer" */;
			compatibilityVersion = "Xcode 12.0";
			developmentRegion = en;
			hasScannedForEncodings = 0;
			knownRegions = (
				en,
				Base,
			);
			mainGroup = 996AC06F1E4E3D4800C20AA8;
			packageReferences = (
				99A4CBDC2457266000079F28 /* XCRemoteSwiftPackageReference "xLib6000" */,
				99A9AAE02645C2910061DA84 /* XCRemoteSwiftPackageReference "Repeat" */,
			);
			productRefGroup = 996AC0791E4E3D4800C20AA8 /* Products */;
			projectDirPath = "";
			projectRoot = "";
			targets = (
				996AC0771E4E3D4800C20AA8 /* xVoiceKeyer */,
			);
		};
/* End PBXProject section */

/* Begin PBXResourcesBuildPhase section */
		996AC0761E4E3D4800C20AA8 /* Resources */ = {
			isa = PBXResourcesBuildPhase;
			buildActionMask = 2147483647;
			files = (
				99C211031F297279003B47F1 /* LICENSE in Resources */,
				996AC0801E4E3D4800C20AA8 /* Assets.xcassets in Resources */,
				996AC0831E4E3D4800C20AA8 /* Main.storyboard in Resources */,
			);
			runOnlyForDeploymentPostprocessing = 0;
		};
/* End PBXResourcesBuildPhase section */

/* Begin PBXSourcesBuildPhase section */
		996AC0741E4E3D4800C20AA8 /* Sources */ = {
			isa = PBXSourcesBuildPhase;
			buildActionMask = 2147483647;
			files = (
				99EC95A21F1523B100E539E8 /* RadioManager.swift in Sources */,
				996AC07E1E4E3D4800C20AA8 /* ViewController.swift in Sources */,
				996B9D732206364B0055D0F4 /* FilePreferences.swift in Sources */,
				99217D521E5D02A50042C787 /* RadioPreferences.swift in Sources */,
				99931585220243F30017C05A /* WindowController.swift in Sources */,
				99D64A2F1E5B9BEB0053ED1F /* AudioManager.swift in Sources */,
				996AC07C1E4E3D4800C20AA8 /* AppDelegate.swift in Sources */,
				993D1E691E5F811D00BB5236 /* PreferenceManager.swift in Sources */,
			);
			runOnlyForDeploymentPostprocessing = 0;
		};
/* End PBXSourcesBuildPhase section */

/* Begin PBXVariantGroup section */
		996AC0811E4E3D4800C20AA8 /* Main.storyboard */ = {
			isa = PBXVariantGroup;
			children = (
				996AC0821E4E3D4800C20AA8 /* Base */,
			);
			name = Main.storyboard;
			sourceTree = "<group>";
		};
/* End PBXVariantGroup section */

/* Begin XCBuildConfiguration section */
		996AC0851E4E3D4800C20AA8 /* Debug */ = {
			isa = XCBuildConfiguration;
			buildSettings = {
				ALWAYS_SEARCH_USER_PATHS = NO;
				CLANG_ANALYZER_LOCALIZABILITY_NONLOCALIZED = YES;
				CLANG_ANALYZER_NONNULL = YES;
				CLANG_CXX_LANGUAGE_STANDARD = "gnu++0x";
				CLANG_CXX_LIBRARY = "libc++";
				CLANG_ENABLE_MODULES = YES;
				CLANG_ENABLE_OBJC_ARC = YES;
				CLANG_WARN_BLOCK_CAPTURE_AUTORELEASING = YES;
				CLANG_WARN_BOOL_CONVERSION = YES;
				CLANG_WARN_COMMA = YES;
				CLANG_WARN_CONSTANT_CONVERSION = YES;
				CLANG_WARN_DEPRECATED_OBJC_IMPLEMENTATIONS = YES;
				CLANG_WARN_DIRECT_OBJC_ISA_USAGE = YES_ERROR;
				CLANG_WARN_DOCUMENTATION_COMMENTS = YES;
				CLANG_WARN_EMPTY_BODY = YES;
				CLANG_WARN_ENUM_CONVERSION = YES;
				CLANG_WARN_INFINITE_RECURSION = YES;
				CLANG_WARN_INT_CONVERSION = YES;
				CLANG_WARN_NON_LITERAL_NULL_CONVERSION = YES;
				CLANG_WARN_OBJC_IMPLICIT_RETAIN_SELF = YES;
				CLANG_WARN_OBJC_LITERAL_CONVERSION = YES;
				CLANG_WARN_OBJC_ROOT_CLASS = YES_ERROR;
				CLANG_WARN_QUOTED_INCLUDE_IN_FRAMEWORK_HEADER = YES;
				CLANG_WARN_RANGE_LOOP_ANALYSIS = YES;
				CLANG_WARN_STRICT_PROTOTYPES = YES;
				CLANG_WARN_SUSPICIOUS_MOVE = YES;
				CLANG_WARN_UNREACHABLE_CODE = YES;
				CLANG_WARN__DUPLICATE_METHOD_MATCH = YES;
				CODE_SIGN_IDENTITY = "-";
				COPY_PHASE_STRIP = NO;
				DEBUG_INFORMATION_FORMAT = dwarf;
				ENABLE_STRICT_OBJC_MSGSEND = YES;
				ENABLE_TESTABILITY = YES;
				GCC_C_LANGUAGE_STANDARD = gnu99;
				GCC_DYNAMIC_NO_PIC = NO;
				GCC_NO_COMMON_BLOCKS = YES;
				GCC_OPTIMIZATION_LEVEL = 0;
				GCC_PREPROCESSOR_DEFINITIONS = (
					"DEBUG=1",
					"$(inherited)",
				);
				GCC_WARN_64_TO_32_BIT_CONVERSION = YES;
				GCC_WARN_ABOUT_RETURN_TYPE = YES_ERROR;
				GCC_WARN_UNDECLARED_SELECTOR = YES;
				GCC_WARN_UNINITIALIZED_AUTOS = YES_AGGRESSIVE;
				GCC_WARN_UNUSED_FUNCTION = YES;
				GCC_WARN_UNUSED_VARIABLE = YES;
				MACOSX_DEPLOYMENT_TARGET = 10.15;
				MTL_ENABLE_DEBUG_INFO = YES;
				ONLY_ACTIVE_ARCH = YES;
				SDKROOT = macosx;
				SWIFT_ACTIVE_COMPILATION_CONDITIONS = DEBUG;
				SWIFT_OPTIMIZATION_LEVEL = "-Onone";
				SWIFT_VERSION = 5.0;
			};
			name = Debug;
		};
		996AC0861E4E3D4800C20AA8 /* Release */ = {
			isa = XCBuildConfiguration;
			buildSettings = {
				ALWAYS_SEARCH_USER_PATHS = NO;
				CLANG_ANALYZER_LOCALIZABILITY_NONLOCALIZED = YES;
				CLANG_ANALYZER_NONNULL = YES;
				CLANG_CXX_LANGUAGE_STANDARD = "gnu++0x";
				CLANG_CXX_LIBRARY = "libc++";
				CLANG_ENABLE_MODULES = YES;
				CLANG_ENABLE_OBJC_ARC = YES;
				CLANG_WARN_BLOCK_CAPTURE_AUTORELEASING = YES;
				CLANG_WARN_BOOL_CONVERSION = YES;
				CLANG_WARN_COMMA = YES;
				CLANG_WARN_CONSTANT_CONVERSION = YES;
				CLANG_WARN_DEPRECATED_OBJC_IMPLEMENTATIONS = YES;
				CLANG_WARN_DIRECT_OBJC_ISA_USAGE = YES_ERROR;
				CLANG_WARN_DOCUMENTATION_COMMENTS = YES;
				CLANG_WARN_EMPTY_BODY = YES;
				CLANG_WARN_ENUM_CONVERSION = YES;
				CLANG_WARN_INFINITE_RECURSION = YES;
				CLANG_WARN_INT_CONVERSION = YES;
				CLANG_WARN_NON_LITERAL_NULL_CONVERSION = YES;
				CLANG_WARN_OBJC_IMPLICIT_RETAIN_SELF = YES;
				CLANG_WARN_OBJC_LITERAL_CONVERSION = YES;
				CLANG_WARN_OBJC_ROOT_CLASS = YES_ERROR;
				CLANG_WARN_QUOTED_INCLUDE_IN_FRAMEWORK_HEADER = YES;
				CLANG_WARN_RANGE_LOOP_ANALYSIS = YES;
				CLANG_WARN_STRICT_PROTOTYPES = YES;
				CLANG_WARN_SUSPICIOUS_MOVE = YES;
				CLANG_WARN_UNREACHABLE_CODE = YES;
				CLANG_WARN__DUPLICATE_METHOD_MATCH = YES;
				CODE_SIGN_IDENTITY = "-";
				COPY_PHASE_STRIP = NO;
				DEBUG_INFORMATION_FORMAT = "dwarf-with-dsym";
				ENABLE_NS_ASSERTIONS = NO;
				ENABLE_STRICT_OBJC_MSGSEND = YES;
				GCC_C_LANGUAGE_STANDARD = gnu99;
				GCC_NO_COMMON_BLOCKS = YES;
				GCC_WARN_64_TO_32_BIT_CONVERSION = YES;
				GCC_WARN_ABOUT_RETURN_TYPE = YES_ERROR;
				GCC_WARN_UNDECLARED_SELECTOR = YES;
				GCC_WARN_UNINITIALIZED_AUTOS = YES_AGGRESSIVE;
				GCC_WARN_UNUSED_FUNCTION = YES;
				GCC_WARN_UNUSED_VARIABLE = YES;
				MACOSX_DEPLOYMENT_TARGET = 10.15;
				MTL_ENABLE_DEBUG_INFO = NO;
				SDKROOT = macosx;
				SWIFT_COMPILATION_MODE = wholemodule;
				SWIFT_OPTIMIZATION_LEVEL = "-O";
				SWIFT_VERSION = 5.0;
			};
			name = Release;
		};
		996AC0881E4E3D4800C20AA8 /* Debug */ = {
			isa = XCBuildConfiguration;
			buildSettings = {
				ASSETCATALOG_COMPILER_APPICON_NAME = AppIcon;
				CODE_SIGN_ENTITLEMENTS = xVoiceKeyer/xVoiceKeyer.entitlements;
				CODE_SIGN_IDENTITY = "Mac Developer";
				CODE_SIGN_STYLE = Automatic;
				COMBINE_HIDPI_IMAGES = YES;
				DEFINES_MODULE = YES;
				DEVELOPMENT_TEAM = JE278GX57V;
				ENABLE_HARDENED_RUNTIME = YES;
				FRAMEWORK_SEARCH_PATHS = (
					"$(inherited)",
					"$(USER_LIBRARY_DIR)/Frameworks",
					"$(LOCAL_LIBRARY_DIR)/Frameworks",
					"$(PROJECT_DIR)",
				);
				HEADER_SEARCH_PATHS = "";
				"HEADER_SEARCH_PATHS[arch=*]" = "";
				INFOPLIST_FILE = xVoiceKeyer/Info.plist;
				LD_RUNPATH_SEARCH_PATHS = (
					"$(inherited)",
					"@executable_path/../Frameworks",
				);
				LIBRARY_SEARCH_PATHS = "";
				MARKETING_VERSION = 3.06;
				ONLY_ACTIVE_ARCH = YES;
				PRODUCT_BUNDLE_IDENTIFIER = com.w6op.xVoiceKeyer;
				PRODUCT_NAME = "$(TARGET_NAME)";
				PROVISIONING_PROFILE_SPECIFIER = "";
				SWIFT_OBJC_BRIDGING_HEADER = "$(SRCROOT)/xVoiceKeyer/xVoiceKeyer-Bridging-Header.h";
				SWIFT_VERSION = 5.0;
			};
			name = Debug;
		};
		996AC0891E4E3D4800C20AA8 /* Release */ = {
			isa = XCBuildConfiguration;
			buildSettings = {
				ASSETCATALOG_COMPILER_APPICON_NAME = AppIcon;
				CODE_SIGN_ENTITLEMENTS = xVoiceKeyer/xVoiceKeyer.entitlements;
				CODE_SIGN_IDENTITY = "Mac Developer";
				CODE_SIGN_STYLE = Automatic;
				COMBINE_HIDPI_IMAGES = YES;
				DEFINES_MODULE = YES;
				DEVELOPMENT_TEAM = JE278GX57V;
				ENABLE_HARDENED_RUNTIME = YES;
				FRAMEWORK_SEARCH_PATHS = (
					"$(inherited)",
					"$(USER_LIBRARY_DIR)/Frameworks",
					"$(LOCAL_LIBRARY_DIR)/Frameworks",
					"$(PROJECT_DIR)",
				);
				HEADER_SEARCH_PATHS = "";
				INFOPLIST_FILE = xVoiceKeyer/Info.plist;
				LD_RUNPATH_SEARCH_PATHS = (
					"$(inherited)",
					"@executable_path/../Frameworks",
				);
				MARKETING_VERSION = 3.06;
				ONLY_ACTIVE_ARCH = NO;
				PRODUCT_BUNDLE_IDENTIFIER = com.w6op.xVoiceKeyer;
				PRODUCT_NAME = "$(TARGET_NAME)";
				PROVISIONING_PROFILE_SPECIFIER = "";
				SWIFT_OBJC_BRIDGING_HEADER = "$(SRCROOT)/xVoiceKeyer/xVoiceKeyer-Bridging-Header.h";
				SWIFT_VERSION = 5.0;
			};
			name = Release;
		};
/* End XCBuildConfiguration section */

/* Begin XCConfigurationList section */
		996AC0731E4E3D4800C20AA8 /* Build configuration list for PBXProject "xVoiceKeyer" */ = {
			isa = XCConfigurationList;
			buildConfigurations = (
				996AC0851E4E3D4800C20AA8 /* Debug */,
				996AC0861E4E3D4800C20AA8 /* Release */,
			);
			defaultConfigurationIsVisible = 0;
			defaultConfigurationName = Release;
		};
		996AC0871E4E3D4800C20AA8 /* Build configuration list for PBXNativeTarget "xVoiceKeyer" */ = {
			isa = XCConfigurationList;
			buildConfigurations = (
				996AC0881E4E3D4800C20AA8 /* Debug */,
				996AC0891E4E3D4800C20AA8 /* Release */,
			);
			defaultConfigurationIsVisible = 0;
			defaultConfigurationName = Release;
		};
/* End XCConfigurationList section */

/* Begin XCRemoteSwiftPackageReference section */
		99A4CBDC2457266000079F28 /* XCRemoteSwiftPackageReference "xLib6000" */ = {
			isa = XCRemoteSwiftPackageReference;
			repositoryURL = "https://github.com/K3TZR/xLib6000.git";
			requirement = {
				kind = upToNextMajorVersion;
				minimumVersion = 1.3.0;
			};
		};
		99A9AAE02645C2910061DA84 /* XCRemoteSwiftPackageReference "Repeat" */ = {
			isa = XCRemoteSwiftPackageReference;
			repositoryURL = "https://github.com/malcommac/Repeat";
			requirement = {
				kind = upToNextMajorVersion;
				minimumVersion = 0.6.0;
			};
		};
/* End XCRemoteSwiftPackageReference section */

/* Begin XCSwiftPackageProductDependency section */
		996C4735245A2ADA0024CBAB /* xLib6000 */ = {
			isa = XCSwiftPackageProductDependency;
			package = 99A4CBDC2457266000079F28 /* XCRemoteSwiftPackageReference "xLib6000" */;
			productName = xLib6000;
		};
		99A9AAE12645C2910061DA84 /* Repeat */ = {
			isa = XCSwiftPackageProductDependency;
			package = 99A9AAE02645C2910061DA84 /* XCRemoteSwiftPackageReference "Repeat" */;
			productName = Repeat;
		};
/* End XCSwiftPackageProductDependency section */
	};
	rootObject = 996AC0701E4E3D4800C20AA8 /* Project object */;
}
