{
  "object": {
    "pins": [
      {
        "package": "CocoaAsyncSocket",
        "repositoryURL": "https://github.com/robbiehanson/CocoaAsyncSocket",
        "state": {
          "branch": null,
          "revision": "dbdc00669c1ced63b27c3c5f052ee4d28f10150c",
          "version": "7.6.5"
        }
      },
      {
        "package": "Repeat",
        "repositoryURL": "https://github.com/malcommac/Repeat",
        "state": {
          "branch": null,
          "revision": "9df757d0936c15dfd9d01067766fab87e927f838",
          "version": "0.6.0"
        }
      },
      {
        "package": "xLib6000",
        "repositoryURL": "https://github.com/K3TZR/xLib6000.git",
        "state": {
          "branch": null,
          "revision": "f0f48548b0182835f0d20045ab3fc35dd074b494",
          "version": "1.7.1"
        }
      }
    ]
  },
  "version": 1
}
