{
  "object": {
    "pins": [
      {
        "package": "CocoaAsyncSocket",
        "repositoryURL": "https://github.com/robbiehanson/CocoaAsyncSocket",
        "state": {
          "branch": null,
          "revision": "0e00c967a010fc43ce528bd633d032f17158d393",
          "version": "7.6.4"
        }
      },
      {
        "package": "XCGLogger",
        "repositoryURL": "https://github.com/DaveWoodCom/XCGLogger.git",
        "state": {
          "branch": null,
          "revision": "a9c4667b247928a29bdd41be2ec2c8d304215a54",
          "version": "7.0.1"
        }
      },
      {
        "package": "xLib6000",
        "repositoryURL": "https://github.com/K3TZR/xLib6000.git",
        "state": {
          "branch": null,
          "revision": "e583a6a1d37f327bb11547c3b1f6ef245ae86502",
          "version": "1.6.1"
        }
      }
    ]
  },
  "version": 1
}
